PODS:
  - Flutter (1.0.0)
  - MTBBarcodeScanner (5.0.11)
  - "permission_handler (5.0.1+1)":
    - Flutter
  - scan_preview (0.0.1):
    - Flutter
    - MTBBarcodeScanner

DEPENDENCIES:
  - Flutter (from `Flutter`)
  - permission_handler (from `.symlinks/plugins/permission_handler/ios`)
  - scan_preview (from `.symlinks/plugins/scan_preview/ios`)

SPEC REPOS:
  trunk:
    - MTBBarcodeScanner

EXTERNAL SOURCES:
  Flutter:
    :path: Flutter
  permission_handler:
    :path: ".symlinks/plugins/permission_handler/ios"
  scan_preview:
    :path: ".symlinks/plugins/scan_preview/ios"

SPEC CHECKSUMS:
  Flutter: 0e3d915762c693b495b44d77113d4970485de6ec
  MTBBarcodeScanner: f453b33c4b7dfe545d8c6484ed744d55671788cb
  permission_handler: eac8e15b4a1a3fba55b761d19f3f4e6b005d15b6
  scan_preview: 7a4f12dd850422dd8dc693da7b74e0ddbf5f6647

PODFILE CHECKSUM: 6ec74410a29ce95658480ce3545f8edb0f1942e2

COCOAPODS: 1.9.3
